{
  "name": "hatterlab",
  "version": "1.0.0",
  "lockfileVersion": 3,
  "requires": true,
  "packages": {
    "": {
      "name": "hatterlab",
      "version": "1.0.0",
      "license": "ISC",
      "dependencies": {
        "stopword": "^3.1.4"
      }
    },
    "node_modules/stopword": {
      "version": "3.1.4",
      "resolved": "https://registry.npmjs.org/stopword/-/stopword-3.1.4.tgz",
      "integrity": "sha512-RiyU12FwHWX1i42gxhn5sywgpV5mptZTzbHKqKh5wVDWC2Uu+8vKbLv8xxeNa0p29vECbYGLXpDayo54n9+dsg=="
    }
  }
}
